SITE
  remote: https://supermarket.getchef.com/api/v1
  specs:
    7-zip (1.0.2)
      windows (>= 1.2.2)
    apt (2.7.0)
    ark (0.9.0)
      7-zip (>= 0.0.0)
      windows (>= 0.0.0)
    build-essential (2.2.3)
    chef_gem (0.1.0)
    chef_handler (1.1.6)
    dmg (2.2.2)
    git (4.1.0)
      build-essential (>= 0.0.0)
      dmg (>= 0.0.0)
      runit (>= 1.0)
      windows (>= 0.0.0)
      yum (~> 3.0)
      yum-epel (>= 0.0.0)
    iptables (1.0.0)
    java (1.31.0)
    justinaiken_dotfiles (0.0.3)
      git (>= 0.0.0)
    ntp (1.8.2)
    openhab (0.0.2)
      apt (>= 0.0.0)
      ark (>= 0.0.0)
      java (>= 0.0.0)
    packagecloud (0.0.17)
    runit (1.6.0)
      packagecloud (>= 0.0.0)
    rvm (0.9.2)
      chef_gem (>= 0.0.0)
    ssh (0.10.4)
    windows (1.36.6)
      chef_handler (>= 0.0.0)
    yum (3.6.0)
    yum-epel (0.6.0)
      yum (~> 3.0)

PATH
  remote: site-cookbooks/my_pi
  specs:
    my_pi (0.0.1)
      apt (>= 0.0.0)
      git (>= 0.0.0)
      justinaiken_dotfiles (>= 0.0.0)
      ntp (>= 0.0.0)
      openhab (>= 0.0.0)
      rvm (>= 0.0.0)
      ssh (>= 0.0.0)

DEPENDENCIES
  apt (>= 0)
  build-essential (>= 0)
  git (= 4.1)
  iptables (>= 0)
  justinaiken_dotfiles (>= 0)
  my_pi (>= 0)
  ntp (>= 0)
  openhab (>= 0)
  rvm (>= 0)
  ssh (>= 0)

